
Microsoft Visual Studio Solution File, Format Version 12.00
# Visual Studio Version 17
VisualStudioVersion = 17.8.34511.84
MinimumVisualStudioVersion = 10.0.40219.1
Project("{FAE04EC0-301F-11D3-BF4B-00C04F79EFBC}") = "HotelArc.MVCUI", "HotelArc.MVCUI\HotelArc.MVCUI.csproj", "{5835BAAF-30DC-4D2F-B21F-1EAAB1137D3A}"
EndProject
Project("{FAE04EC0-301F-11D3-BF4B-00C04F79EFBC}") = "HotelArc.Kernel", "HotelArc.Kernel\HotelArc.Kernel.csproj", "{179F8A64-49E6-4520-98FC-BAE7FF625852}"
EndProject
Global
	GlobalSection(SolutionConfigurationPlatforms) = preSolution
		Debug|Any CPU = Debug|Any CPU
		Release|Any CPU = Release|Any CPU
	EndGlobalSection
	GlobalSection(ProjectConfigurationPlatforms) = postSolution
		{5835BAAF-30DC-4D2F-B21F-1EAAB1137D3A}.Debug|Any CPU.ActiveCfg = Debug|Any CPU
		{5835BAAF-30DC-4D2F-B21F-1EAAB1137D3A}.Debug|Any CPU.Build.0 = Debug|Any CPU
		{5835BAAF-30DC-4D2F-B21F-1EAAB1137D3A}.Release|Any CPU.ActiveCfg = Release|Any CPU
		{5835BAAF-30DC-4D2F-B21F-1EAAB1137D3A}.Release|Any CPU.Build.0 = Release|Any CPU
		{179F8A64-49E6-4520-98FC-BAE7FF625852}.Debug|Any CPU.ActiveCfg = Debug|Any CPU
		{179F8A64-49E6-4520-98FC-BAE7FF625852}.Debug|Any CPU.Build.0 = Debug|Any CPU
		{179F8A64-49E6-4520-98FC-BAE7FF625852}.Release|Any CPU.ActiveCfg = Release|Any CPU
		{179F8A64-49E6-4520-98FC-BAE7FF625852}.Release|Any CPU.Build.0 = Release|Any CPU
	EndGlobalSection
	GlobalSection(SolutionProperties) = preSolution
		HideSolutionNode = FALSE
	EndGlobalSection
	GlobalSection(ExtensibilityGlobals) = postSolution
		SolutionGuid = {1C5A0B61-BE05-4846-B0F8-5BC4BF9B78D7}
	EndGlobalSection
EndGlobal
